
Microsoft Visual Studio Solution File, Format Version 12.00
# Visual Studio 15
VisualStudioVersion = 15.0.28010.2016
MinimumVisualStudioVersion = 10.0.40219.1
Project("{FAE04EC0-301F-11D3-BF4B-00C04F79EFBC}") = "QuanLyTapHoa", "QuanLyTapHoa\QuanLyTapHoa.csproj", "{F226A721-D476-4679-B458-51076E929C38}"
EndProject
Project("{FAE04EC0-301F-11D3-BF4B-00C04F79EFBC}") = "QuanLyTapHoaEmtity", "QuanLyTapHoaEmtity\QuanLyTapHoaEmtity.csproj", "{B02644EA-9469-4174-A81E-24FDF378BDC4}"
EndProject
Project("{FAE04EC0-301F-11D3-BF4B-00C04F79EFBC}") = "QuanLyTapHoaDAL", "QuanLyTapHoaDAL\QuanLyTapHoaDAL.csproj", "{0295B2F5-666B-46F6-9EF7-64835D33170F}"
EndProject
Project("{FAE04EC0-301F-11D3-BF4B-00C04F79EFBC}") = "QuanLyTapHoaBUS", "QuanLyTapHoaBUS\QuanLyTapHoaBUS.csproj", "{EB793A75-87D5-4252-9D3C-34DAADE1D858}"
EndProject
Global
	GlobalSection(SolutionConfigurationPlatforms) = preSolution
		Debug|Any CPU = Debug|Any CPU
		Release|Any CPU = Release|Any CPU
	EndGlobalSection
	GlobalSection(ProjectConfigurationPlatforms) = postSolution
		{F226A721-D476-4679-B458-51076E929C38}.Debug|Any CPU.ActiveCfg = Debug|Any CPU
		{F226A721-D476-4679-B458-51076E929C38}.Debug|Any CPU.Build.0 = Debug|Any CPU
		{F226A721-D476-4679-B458-51076E929C38}.Release|Any CPU.ActiveCfg = Release|Any CPU
		{F226A721-D476-4679-B458-51076E929C38}.Release|Any CPU.Build.0 = Release|Any CPU
		{B02644EA-9469-4174-A81E-24FDF378BDC4}.Debug|Any CPU.ActiveCfg = Debug|Any CPU
		{B02644EA-9469-4174-A81E-24FDF378BDC4}.Debug|Any CPU.Build.0 = Debug|Any CPU
		{B02644EA-9469-4174-A81E-24FDF378BDC4}.Release|Any CPU.ActiveCfg = Release|Any CPU
		{B02644EA-9469-4174-A81E-24FDF378BDC4}.Release|Any CPU.Build.0 = Release|Any CPU
		{0295B2F5-666B-46F6-9EF7-64835D33170F}.Debug|Any CPU.ActiveCfg = Debug|Any CPU
		{0295B2F5-666B-46F6-9EF7-64835D33170F}.Debug|Any CPU.Build.0 = Debug|Any CPU
		{0295B2F5-666B-46F6-9EF7-64835D33170F}.Release|Any CPU.ActiveCfg = Release|Any CPU
		{0295B2F5-666B-46F6-9EF7-64835D33170F}.Release|Any CPU.Build.0 = Release|Any CPU
		{EB793A75-87D5-4252-9D3C-34DAADE1D858}.Debug|Any CPU.ActiveCfg = Debug|Any CPU
		{EB793A75-87D5-4252-9D3C-34DAADE1D858}.Debug|Any CPU.Build.0 = Debug|Any CPU
		{EB793A75-87D5-4252-9D3C-34DAADE1D858}.Release|Any CPU.ActiveCfg = Release|Any CPU
		{EB793A75-87D5-4252-9D3C-34DAADE1D858}.Release|Any CPU.Build.0 = Release|Any CPU
	EndGlobalSection
	GlobalSection(SolutionProperties) = preSolution
		HideSolutionNode = FALSE
	EndGlobalSection
	GlobalSection(ExtensibilityGlobals) = postSolution
		SolutionGuid = {F6041746-C0CF-40EB-AF36-59321412BECC}
	EndGlobalSection
EndGlobal
